<?xml version="1.0" encoding="utf-8"?>
<Project ToolsVersion="4.0" xmlns="http://schemas.microsoft.com/developer/msbuild/2003">
  <ItemGroup>
    <Filter Include="Source Files">
      <UniqueIdentifier>{4FC737F1-C7A5-4376-A066-2A32D752A2FF}</UniqueIdentifier>
      <Extensions>cpp;c;cc;cxx;c++;cppm;ixx;def;odl;idl;hpj;bat;asm;asmx</Extensions>
    </Filter>
    <Filter Include="Header Files">
      <UniqueIdentifier>{93995380-89BD-4b04-88EB-625FBE52EBFB}</UniqueIdentifier>
      <Extensions>h;hh;hpp;hxx;h++;hm;inl;inc;ipp;xsd</Extensions>
    </Filter>
    <Filter Include="Resource Files">
      <UniqueIdentifier>{67DA6AB6-F800-4c08-8B7A-83BB121AAD01}</UniqueIdentifier>
      <Extensions>rc;ico;cur;bmp;dlg;rc2;rct;bin;rgs;gif;jpg;jpeg;jpe;resx;tiff;tif;png;wav;mfcribbon-ms</Extensions>
    </Filter>
  </ItemGroup>
  <ItemGroup>
    <ClCompile Include="Code\src\main.cpp">
      <Filter>Source Files</Filter>
    </ClCompile>
    <ClCompile Include="Code\src\Core\Maths\Matrices\Matrix2.cpp">
      <Filter>Source Files</Filter>
    </ClCompile>
    <ClCompile Include="Code\src\Core\Maths\Matrices\Matrix3.cpp">
      <Filter>Source Files</Filter>
    </ClCompile>
    <ClCompile Include="Code\src\Core\Maths\Matrices\Matrix4.cpp">
      <Filter>Source Files</Filter>
    </ClCompile>
    <ClCompile Include="Code\src\Core\Maths\Vectors\Vector2.cpp">
      <Filter>Source Files</Filter>
    </ClCompile>
    <ClCompile Include="Code\src\Core\Maths\Vectors\Vector3.cpp">
      <Filter>Source Files</Filter>
    </ClCompile>
    <ClCompile Include="Code\src\Core\Maths\Vectors\Vector4.cpp">
      <Filter>Source Files</Filter>
    </ClCompile>
    <ClCompile Include="Code\src\Core\Application.cpp">
      <Filter>Source Files</Filter>
    </ClCompile>
    <ClCompile Include="Code\src\Core\RHI\VulkanRHI\VulkanRenderer.cpp">
      <Filter>Source Files</Filter>
    </ClCompile>
    <ClCompile Include="Code\src\Core\Debug\Log.cpp">
      <Filter>Source Files</Filter>
    </ClCompile>
    <ClCompile Include="Code\src\Core\RHI\Vertex.cpp">
      <Filter>Source Files</Filter>
    </ClCompile>
    <ClCompile Include="Code\src\Core\Window.cpp">
      <Filter>Source Files</Filter>
    </ClCompile>
    <ClCompile Include="Code\src\LowRenderer\Camera.cpp">
      <Filter>Source Files</Filter>
    </ClCompile>
    <ClCompile Include="Code\src\LowRenderer\Object.cpp">
      <Filter>Source Files</Filter>
    </ClCompile>
    <ClCompile Include="Code\src\Physics\Transform.cpp">
      <Filter>Source Files</Filter>
    </ClCompile>
    <ClCompile Include="Code\src\Core\RHI\OpenGLRHI\OpenGLRenderer.cpp">
      <Filter>Source Files</Filter>
    </ClCompile>
    <ClCompile Include="Code\src\Resources\IMesh.cpp">
      <Filter>Source Files</Filter>
    </ClCompile>
    <ClCompile Include="Code\src\Core\RHI\VulkanRHI\VulkanTypes\VulkanSwapChain.cpp">
      <Filter>Source Files</Filter>
    </ClCompile>
    <ClCompile Include="Code\src\Core\RHI\VulkanRHI\VulkanTypes\VulkanBuffer.cpp">
      <Filter>Source Files</Filter>
    </ClCompile>
    <ClCompile Include="Code\src\Core\RHI\VulkanRHI\VulkanTypes\VulkanDevice.cpp">
      <Filter>Source Files</Filter>
    </ClCompile>
    <ClCompile Include="Code\src\Resources\IShader.cpp">
      <Filter>Source Files</Filter>
    </ClCompile>
    <ClCompile Include="Code\src\Resources\ITexture.cpp">
      <Filter>Source Files</Filter>
    </ClCompile>
    <ClCompile Include="Code\src\Core\RHI\VulkanRHI\VulkanTypes\VulkanPipeline.cpp">
      <Filter>Source Files</Filter>
    </ClCompile>
    <ClCompile Include="Code\src\Core\Time\Time.cpp">
      <Filter>Source Files</Filter>
    </ClCompile>
    <ClCompile Include="Code\src\Core\RHI\VulkanRHI\VulkanTypes\VulkanQueue.cpp">
      <Filter>Source Files</Filter>
    </ClCompile>
    <ClCompile Include="Code\src\Core\RHI\VulkanRHI\VulkanTypes\VulkanDescriptor.cpp">
      <Filter>Source Files</Filter>
    </ClCompile>
    <ClCompile Include="Code\src\Core\RHI\VulkanRHI\VulkanTypes\VulkanCommandBuffer.cpp">
      <Filter>Source Files</Filter>
    </ClCompile>
    <ClCompile Include="Code\src\Core\RHI\VulkanRHI\VulkanTypes\VulkanDescriptorAllocator.cpp">
      <Filter>Source Files</Filter>
    </ClCompile>
    <ClCompile Include="Code\src\Core\RHI\VulkanRHI\VulkanTypes\VulkanCommandAllocator.cpp">
      <Filter>Source Files</Filter>
    </ClCompile>
    <ClCompile Include="Code\src\Core\RHI\VulkanRHI\VulkanTypes\VulkanImage.cpp">
      <Filter>Source Files</Filter>
    </ClCompile>
    <ClCompile Include="Code\src\Core\RHI\VulkanRHI\VulkanTypes\VulkanTexture.cpp">
      <Filter>Source Files</Filter>
    </ClCompile>
    <ClCompile Include="Code\src\Core\RHI\VulkanRHI\VulkanTypes\VulkanFramebuffer.cpp">
      <Filter>Source Files</Filter>
    </ClCompile>
    <ClCompile Include="Code\src\Core\RHI\VulkanRHI\VulkanTypes\VulkanSemaphore.cpp">
      <Filter>Source Files</Filter>
    </ClCompile>
    <ClCompile Include="Code\src\Core\RHI\VulkanRHI\VulkanTypes\VulkanFence.cpp">
      <Filter>Source Files</Filter>
    </ClCompile>
    <ClCompile Include="Code\src\Core\RHI\VulkanRHI\VulkanTypes\VulkanShader.cpp">
      <Filter>Source Files</Filter>
    </ClCompile>
    <ClCompile Include="Code\src\Core\RHI\VulkanRHI\VulkanTypes\VulkanImageView.cpp">
      <Filter>Source Files</Filter>
    </ClCompile>
  </ItemGroup>
  <ItemGroup>
    <ClInclude Include="Code\include\Core\Maths\Matrices\Matrix2.h">
      <Filter>Header Files</Filter>
    </ClInclude>
    <ClInclude Include="Code\include\Core\Maths\Matrices\Matrix3.h">
      <Filter>Header Files</Filter>
    </ClInclude>
    <ClInclude Include="Code\include\Core\Maths\Matrices\Matrix4.h">
      <Filter>Header Files</Filter>
    </ClInclude>
    <ClInclude Include="Code\include\Core\Maths\Utils\Utils.h">
      <Filter>Header Files</Filter>
    </ClInclude>
    <ClInclude Include="Code\include\Core\Maths\Vectors\Vector2.h">
      <Filter>Header Files</Filter>
    </ClInclude>
    <ClInclude Include="Code\include\Core\Maths\Vectors\Vector3.h">
      <Filter>Header Files</Filter>
    </ClInclude>
    <ClInclude Include="Code\include\Core\Maths\Vectors\Vector4.h">
      <Filter>Header Files</Filter>
    </ClInclude>
    <ClInclude Include="Externals\GLFW\include\GLFW\glfw3.h">
      <Filter>Header Files</Filter>
    </ClInclude>
    <ClInclude Include="Externals\GLFW\include\GLFW\glfw3native.h">
      <Filter>Header Files</Filter>
    </ClInclude>
    <ClInclude Include="Code\include\Core\Application.h">
      <Filter>Header Files</Filter>
    </ClInclude>
    <ClInclude Include="Code\include\Core\RHI\IRendererHardware.h">
      <Filter>Header Files</Filter>
    </ClInclude>
    <ClInclude Include="Code\include\Core\RHI\VulkanRHI\VulkanRenderer.h">
      <Filter>Header Files</Filter>
    </ClInclude>
    <ClInclude Include="Code\include\Core\Debug\Log.h">
      <Filter>Header Files</Filter>
    </ClInclude>
    <ClInclude Include="Code\include\Core\RHI\Vertex.h">
      <Filter>Header Files</Filter>
    </ClInclude>
    <ClInclude Include="Externals\STB_IMAGE\include\stb_image.h">
      <Filter>Header Files</Filter>
    </ClInclude>
    <ClInclude Include="Externals\TINY_OBJ_LOADER\include\tiny_obj_loader.h">
      <Filter>Header Files</Filter>
    </ClInclude>
    <ClInclude Include="Code\include\Core\Window.h">
      <Filter>Header Files</Filter>
    </ClInclude>
    <ClInclude Include="Code\include\LowRenderer\Camera.h">
      <Filter>Header Files</Filter>
    </ClInclude>
    <ClInclude Include="Code\include\LowRenderer\Object.h">
      <Filter>Header Files</Filter>
    </ClInclude>
    <ClInclude Include="Code\include\Physics\Transform.h">
      <Filter>Header Files</Filter>
    </ClInclude>
    <ClInclude Include="Code\include\Core\RHI\OpenGLRHI\OpenGLRenderer.h">
      <Filter>Header Files</Filter>
    </ClInclude>
    <ClInclude Include="Code\include\Resources\IResource.h">
      <Filter>Header Files</Filter>
    </ClInclude>
    <ClInclude Include="Code\include\Resources\IMesh.h">
      <Filter>Header Files</Filter>
    </ClInclude>
    <ClInclude Include="Code\include\Core\RHI\VulkanRHI\VulkanTypes\VulkanSwapChain.h">
      <Filter>Header Files</Filter>
    </ClInclude>
    <ClInclude Include="Code\include\Core\RHI\RHITypes.h">
      <Filter>Header Files</Filter>
    </ClInclude>
    <ClInclude Include="Code\include\Core\RHI\VulkanRHI\VulkanTypes\VulkanBuffer.h">
      <Filter>Header Files</Filter>
    </ClInclude>
    <ClInclude Include="Code\include\Core\RHI\VulkanRHI\VulkanTypes\VulkanDevice.h">
      <Filter>Header Files</Filter>
    </ClInclude>
    <ClInclude Include="Code\include\Resources\IShader.h">
      <Filter>Header Files</Filter>
    </ClInclude>
    <ClInclude Include="Code\include\Resources\ITexture.h">
      <Filter>Header Files</Filter>
    </ClInclude>
    <ClInclude Include="Code\include\Core\RHI\VulkanRHI\VulkanTypes\VulkanPipeline.h">
      <Filter>Header Files</Filter>
    </ClInclude>
    <ClInclude Include="Code\include\Core\RHI\VulkanRHI\VulkanTypes\VulkanShader.h">
      <Filter>Header Files</Filter>
    </ClInclude>
    <ClInclude Include="Code\include\Core\RHI\VulkanRHI\VulkanTypes\VulkanImage.h">
      <Filter>Header Files</Filter>
    </ClInclude>
    <ClInclude Include="Code\include\Core\RHI\VulkanRHI\VulkanTypes\VulkanTexture.h">
      <Filter>Header Files</Filter>
    </ClInclude>
    <ClInclude Include="Code\include\Core\RHI\VulkanRHI\VulkanTypes\VulkanTypesWrapper.h">
      <Filter>Header Files</Filter>
    </ClInclude>
    <ClInclude Include="Code\include\Core\Time\Time.h">
      <Filter>Header Files</Filter>
    </ClInclude>
    <ClInclude Include="Code\src\Core\Time.h">
      <Filter>Header Files</Filter>
    </ClInclude>
    <ClInclude Include="Code\include\Core\RHI\VulkanRHI\VulkanTypes\VulkanCommandBuffer.h">
      <Filter>Header Files</Filter>
    </ClInclude>
    <ClInclude Include="Code\include\Core\Renderer.h">
      <Filter>Header Files</Filter>
    </ClInclude>
    <ClInclude Include="Code\include\Core\RHI\RHITypes\IBuffer.h">
      <Filter>Header Files</Filter>
    </ClInclude>
    <ClInclude Include="Code\include\Core\RHI\RHITypes\ICommandBuffer.h">
      <Filter>Header Files</Filter>
    </ClInclude>
    <ClInclude Include="Code\include\Core\RHI\RHITypes\IDescriptor.h">
      <Filter>Header Files</Filter>
    </ClInclude>
    <ClInclude Include="Code\include\Core\RHI\RHITypes\IDevice.h">
      <Filter>Header Files</Filter>
    </ClInclude>
    <ClInclude Include="Code\include\Core\RHI\RHITypes\IPipeline.h">
      <Filter>Header Files</Filter>
    </ClInclude>
    <ClInclude Include="Code\include\Core\RHI\RHITypes\IQueue.h">
      <Filter>Header Files</Filter>
    </ClInclude>
    <ClInclude Include="Code\include\Core\RHI\RHITypes\ISwapChain.h">
      <Filter>Header Files</Filter>
    </ClInclude>
    <ClInclude Include="Code\include\Core\RHI\RHITypes\RHIResult.h">
      <Filter>Header Files</Filter>
    </ClInclude>
    <ClInclude Include="Code\include\Core\RHI\VulkanRHI\VulkanTypes\VulkanDescriptor.h">
      <Filter>Header Files</Filter>
    </ClInclude>
    <ClInclude Include="Code\include\Core\RHI\VulkanRHI\VulkanTypes\VulkanQueue.h">
      <Filter>Header Files</Filter>
    </ClInclude>
    <ClInclude Include="Code\include\Core\RHI\RHITypes\ICommandAllocator.h">
      <Filter>Header Files</Filter>
    </ClInclude>
    <ClInclude Include="Code\include\Core\RHI\RHITypes\IDescriptorAllocator.h">
      <Filter>Header Files</Filter>
    </ClInclude>
    <ClInclude Include="Code\include\Core\RHI\VulkanRHI\VulkanTypes\VulkanCommandAllocator.h">
      <Filter>Header Files</Filter>
    </ClInclude>
    <ClInclude Include="Code\include\Core\RHI\VulkanRHI\VulkanTypes\VulkanDescriptorAllocator.h">
      <Filter>Header Files</Filter>
    </ClInclude>
    <ClInclude Include="Code\include\Core\RHI\RHITypes\IFramebuffer.h">
      <Filter>Header Files</Filter>
    </ClInclude>
    <ClInclude Include="Code\include\Core\RHI\VulkanRHI\VulkanTypes\VulkanFramebuffer.h">
      <Filter>Header Files</Filter>
    </ClInclude>
    <ClInclude Include="Code\include\Core\RHI\RHITypes\RHITypesWrapper.h">
      <Filter>Header Files</Filter>
    </ClInclude>
    <ClInclude Include="Code\include\Core\RHI\RHITypes\ISemaphore.h">
      <Filter>Header Files</Filter>
    </ClInclude>
    <ClInclude Include="Code\include\Core\RHI\RHITypes\IFence.h">
      <Filter>Header Files</Filter>
    </ClInclude>
    <ClInclude Include="Code\include\Core\RHI\VulkanRHI\VulkanTypes\VulkanSemaphore.h">
      <Filter>Header Files</Filter>
    </ClInclude>
    <ClInclude Include="Code\include\Core\RHI\VulkanRHI\VulkanTypes\VulkanFence.h">
      <Filter>Header Files</Filter>
    </ClInclude>
    <ClInclude Include="Code\include\Core\RHI\VulkanRHI\VulkanTypes\VulkanImageView.h">
      <Filter>Header Files</Filter>
    </ClInclude>
  </ItemGroup>
  <ItemGroup>
    <None Include="Assets\Shaders\HelloTriangle.vert" />
    <None Include="Assets\Shaders\HelloTriangle.frag" />
  </ItemGroup>
</Project>